{
  "version": 4,
  "terraform_version": "1.2.9",
  "serial": 196,
  "lineage": "9c90454b-ad87-1ad4-d1fb-01aa5fba0510",
  "outputs": {},
  "resources": [
    {
      "mode": "data",
      "type": "azurerm_resource_group",
      "name": "resource-grp",
      "provider": "provider[\"registry.terraform.io/hashicorp/azurerm\"]",
      "instances": [
        {
          "schema_version": 0,
          "attributes": {
            "id": "/subscriptions/2bfd66e2-d8f3-4fa4-b3d2-a0e7bc2d39a0/resourceGroups/DevOps-GL5",
            "location": "francecentral",
            "name": "DevOps-GL5",
            "tags": {},
            "timeouts": null
          },
          "sensitive_attributes": []
        }
      ]
    },
    {
      "mode": "managed",
      "type": "local_file",
      "name": "ansible_inventory",
      "provider": "provider[\"registry.terraform.io/hashicorp/local\"]",
      "instances": [
        {
          "schema_version": 0,
          "attributes": {
            "content": "[workers]\nkubeadm-node-0 ansible_host=20.188.58.77 ansible_user=adminuser\nkubeadm-node-1 ansible_host=20.188.58.202 ansible_user=adminuser\n\n[master]\nkubeadm-master ansible_host=20.216.132.254 ansible_user=adminuser\n",
            "content_base64": null,
            "directory_permission": "0777",
            "file_permission": "0777",
            "filename": "hosts-result.ini",
            "id": "8cf7a1d0dd555d9851397126f5ff14af8fc06c4b",
            "sensitive_content": null,
            "source": null
          },
          "sensitive_attributes": [],
          "private": "bnVsbA==",
          "dependencies": [
            "data.azurerm_resource_group.resource-grp",
            "module.master.azurerm_linux_virtual_machine.master",
            "module.master.azurerm_network_interface.master-nic",
            "module.master.azurerm_public_ip.master-public-ip",
            "module.vnet_subnet.azurerm_subnet.subnet",
            "module.vnet_subnet.azurerm_virtual_network.virtual-network",
            "module.workers.azurerm_linux_virtual_machine.workers",
            "module.workers.azurerm_network_interface.worker-nics",
            "module.workers.azurerm_public_ip.workers-public-ips"
          ]
        }
      ]
    },
    {
      "mode": "managed",
      "type": "null_resource",
      "name": "execute_ansible",
      "provider": "provider[\"registry.terraform.io/hashicorp/null\"]",
      "instances": [
        {
          "status": "tainted",
          "schema_version": 0,
          "attributes": {
            "id": "990712212478596799",
            "triggers": null
          },
          "sensitive_attributes": [],
          "dependencies": [
            "local_file.ansible_inventory"
          ]
        }
      ]
    },
    {
      "module": "module.master",
      "mode": "managed",
      "type": "azurerm_linux_virtual_machine",
      "name": "master",
      "provider": "provider[\"registry.terraform.io/hashicorp/azurerm\"]",
      "instances": [
        {
          "schema_version": 0,
          "attributes": {
            "additional_capabilities": [],
            "admin_password": null,
            "admin_ssh_key": [
              {
                "public_key": "ssh-rsa AAAAB3NzaC1yc2EAAAADAQABAAABgQC3y9c3XsN2EtMnSN0UcY06TzRCJfWP7tDv1VN+6fEjnIcIBDlWzaYp7W4ad3DZfNGZuhxwAt+8AcMqAl+zwF6g0p6bwYOQGWFE52cCzvAgJ2mRN0WJJNTUuQReOyfMQ44GD21Jb23KjDhTLZRxBBOHLyc4gsAR3nKzpMRtnM3/qbgwdU1F+ZUH4kJgmEeQSTWYa6h5DwzoiJy97IARwLqt5dMRxo7XlSD57JctpctBKP0XyKHC/q9lB5VsWisJdt9SOLyLZr0GA9z1qDLuGo8LRFR6pdDUrRtHJr0a+Os7vMVOAfQNOs3MGZcxB9zYqpyianGO2Pk89GZ8O1NAIspJes1+9LAkgIoXdx4vFD/T0KPO6lztdSCIWaRZVoHEW+tE+gW4oIihFvjoCH2G9jRQAYFcCfS8CDUHZM/kCpa8EXfRxNFZXhiGNL9tiAg2XDdR7LyAQ4hJECKg94oDbV+VQswtemyS7bFV0VR+2d7u3aludefikgNmI+WcG3ORiFE= generated-by-azure",
                "username": "adminuser"
              }
            ],
            "admin_username": "adminuser",
            "allow_extension_operations": true,
            "availability_set_id": "",
            "boot_diagnostics": [],
            "computer_name": "master",
            "custom_data": null,
            "dedicated_host_group_id": "",
            "dedicated_host_id": "",
            "disable_password_authentication": true,
            "edge_zone": "",
            "encryption_at_host_enabled": false,
            "eviction_policy": "",
            "extensions_time_budget": "PT1H30M",
            "id": "/subscriptions/2bfd66e2-d8f3-4fa4-b3d2-a0e7bc2d39a0/resourceGroups/DevOps-GL5/providers/Microsoft.Compute/virtualMachines/master",
            "identity": [],
            "license_type": "",
            "location": "francecentral",
            "max_bid_price": -1,
            "name": "master",
            "network_interface_ids": [
              "/subscriptions/2bfd66e2-d8f3-4fa4-b3d2-a0e7bc2d39a0/resourceGroups/DevOps-GL5/providers/Microsoft.Network/networkInterfaces/master-nic"
            ],
            "os_disk": [
              {
                "caching": "ReadWrite",
                "diff_disk_settings": [],
                "disk_encryption_set_id": "",
                "disk_size_gb": 30,
                "name": "master_OsDisk_1_edbb2c1003b34c29a564a81e8d38b511",
                "storage_account_type": "Standard_LRS",
                "write_accelerator_enabled": false
              }
            ],
            "patch_mode": "ImageDefault",
            "plan": [],
            "platform_fault_domain": -1,
            "priority": "Regular",
            "private_ip_address": "10.0.2.8",
            "private_ip_addresses": [
              "10.0.2.8"
            ],
            "provision_vm_agent": true,
            "proximity_placement_group_id": "",
            "public_ip_address": "20.216.132.254",
            "public_ip_addresses": [
              "20.216.132.254"
            ],
            "resource_group_name": "DevOps-GL5",
            "secret": [],
            "secure_boot_enabled": false,
            "size": "Standard_B2s",
            "source_image_id": "",
            "source_image_reference": [
              {
                "offer": "UbuntuServer",
                "publisher": "Canonical",
                "sku": "16.04-LTS",
                "version": "latest"
              }
            ],
            "tags": {},
            "termination_notification": [],
            "timeouts": null,
            "user_data": "",
            "virtual_machine_id": "16df2054-784b-4911-bb4a-03b6bcb7b044",
            "virtual_machine_scale_set_id": "",
            "vtpm_enabled": false,
            "zone": ""
          },
          "sensitive_attributes": [],
          "private": "eyJlMmJmYjczMC1lY2FhLTExZTYtOGY4OC0zNDM2M2JjN2M0YzAiOnsiY3JlYXRlIjoyNzAwMDAwMDAwMDAwLCJkZWxldGUiOjI3MDAwMDAwMDAwMDAsInJlYWQiOjMwMDAwMDAwMDAwMCwidXBkYXRlIjoyNzAwMDAwMDAwMDAwfX0=",
          "dependencies": [
            "data.azurerm_resource_group.resource-grp",
            "module.master.azurerm_network_interface.master-nic",
            "module.master.azurerm_public_ip.master-public-ip",
            "module.vnet_subnet.azurerm_subnet.subnet",
            "module.vnet_subnet.azurerm_virtual_network.virtual-network"
          ]
        }
      ]
    },
    {
      "module": "module.master",
      "mode": "managed",
      "type": "azurerm_network_interface",
      "name": "master-nic",
      "provider": "provider[\"registry.terraform.io/hashicorp/azurerm\"]",
      "instances": [
        {
          "schema_version": 0,
          "attributes": {
            "applied_dns_servers": [],
            "dns_servers": [],
            "edge_zone": "",
            "enable_accelerated_networking": false,
            "enable_ip_forwarding": false,
            "id": "/subscriptions/2bfd66e2-d8f3-4fa4-b3d2-a0e7bc2d39a0/resourceGroups/DevOps-GL5/providers/Microsoft.Network/networkInterfaces/master-nic",
            "internal_dns_name_label": "",
            "internal_domain_name_suffix": "cgn3bc0dzhzelghvxg3mt41c3d.parx.internal.cloudapp.net",
            "ip_configuration": [
              {
                "gateway_load_balancer_frontend_ip_configuration_id": "",
                "name": "internal",
                "primary": true,
                "private_ip_address": "10.0.2.8",
                "private_ip_address_allocation": "Static",
                "private_ip_address_version": "IPv4",
                "public_ip_address_id": "/subscriptions/2bfd66e2-d8f3-4fa4-b3d2-a0e7bc2d39a0/resourceGroups/DevOps-GL5/providers/Microsoft.Network/publicIPAddresses/master-public-ip",
                "subnet_id": "/subscriptions/2bfd66e2-d8f3-4fa4-b3d2-a0e7bc2d39a0/resourceGroups/DevOps-GL5/providers/Microsoft.Network/virtualNetworks/kubernetes-virtual-network/subnets/kubernetes-subnet"
              }
            ],
            "location": "francecentral",
            "mac_address": "00-0D-3A-89-8F-2B",
            "name": "master-nic",
            "private_ip_address": "10.0.2.8",
            "private_ip_addresses": [
              "10.0.2.8"
            ],
            "resource_group_name": "DevOps-GL5",
            "tags": {},
            "timeouts": null,
            "virtual_machine_id": "/subscriptions/2bfd66e2-d8f3-4fa4-b3d2-a0e7bc2d39a0/resourceGroups/DevOps-GL5/providers/Microsoft.Compute/virtualMachines/master"
          },
          "sensitive_attributes": [],
          "private": "eyJlMmJmYjczMC1lY2FhLTExZTYtOGY4OC0zNDM2M2JjN2M0YzAiOnsiY3JlYXRlIjoxODAwMDAwMDAwMDAwLCJkZWxldGUiOjE4MDAwMDAwMDAwMDAsInJlYWQiOjMwMDAwMDAwMDAwMCwidXBkYXRlIjoxODAwMDAwMDAwMDAwfX0=",
          "dependencies": [
            "data.azurerm_resource_group.resource-grp",
            "module.master.azurerm_public_ip.master-public-ip",
            "module.vnet_subnet.azurerm_subnet.subnet",
            "module.vnet_subnet.azurerm_virtual_network.virtual-network"
          ]
        }
      ]
    },
    {
      "module": "module.master",
      "mode": "managed",
      "type": "azurerm_public_ip",
      "name": "master-public-ip",
      "provider": "provider[\"registry.terraform.io/hashicorp/azurerm\"]",
      "instances": [
        {
          "schema_version": 0,
          "attributes": {
            "allocation_method": "Dynamic",
            "domain_name_label": null,
            "edge_zone": "",
            "fqdn": null,
            "id": "/subscriptions/2bfd66e2-d8f3-4fa4-b3d2-a0e7bc2d39a0/resourceGroups/DevOps-GL5/providers/Microsoft.Network/publicIPAddresses/master-public-ip",
            "idle_timeout_in_minutes": 4,
            "ip_address": "20.216.132.254",
            "ip_tags": {},
            "ip_version": "IPv4",
            "location": "francecentral",
            "name": "master-public-ip",
            "public_ip_prefix_id": null,
            "resource_group_name": "DevOps-GL5",
            "reverse_fqdn": null,
            "sku": "Basic",
            "sku_tier": "Regional",
            "tags": {},
            "timeouts": null,
            "zones": []
          },
          "sensitive_attributes": [],
          "private": "eyJlMmJmYjczMC1lY2FhLTExZTYtOGY4OC0zNDM2M2JjN2M0YzAiOnsiY3JlYXRlIjoxODAwMDAwMDAwMDAwLCJkZWxldGUiOjE4MDAwMDAwMDAwMDAsInJlYWQiOjMwMDAwMDAwMDAwMCwidXBkYXRlIjoxODAwMDAwMDAwMDAwfX0=",
          "dependencies": [
            "data.azurerm_resource_group.resource-grp"
          ]
        }
      ]
    },
    {
      "module": "module.security_group",
      "mode": "managed",
      "type": "azurerm_network_security_group",
      "name": "security_group",
      "provider": "provider[\"registry.terraform.io/hashicorp/azurerm\"]",
      "instances": [
        {
          "schema_version": 0,
          "attributes": {
            "id": "/subscriptions/2bfd66e2-d8f3-4fa4-b3d2-a0e7bc2d39a0/resourceGroups/DevOps-GL5/providers/Microsoft.Network/networkSecurityGroups/allow-ssh",
            "location": "francecentral",
            "name": "allow-ssh",
            "resource_group_name": "DevOps-GL5",
            "security_rule": [
              {
                "access": "Allow",
                "description": "",
                "destination_address_prefix": "*",
                "destination_address_prefixes": [],
                "destination_application_security_group_ids": [],
                "destination_port_range": "22",
                "destination_port_ranges": [],
                "direction": "Inbound",
                "name": "allow-ssh",
                "priority": 100,
                "protocol": "Tcp",
                "source_address_prefix": "*",
                "source_address_prefixes": [],
                "source_application_security_group_ids": [],
                "source_port_range": "*",
                "source_port_ranges": []
              }
            ],
            "tags": {},
            "timeouts": null
          },
          "sensitive_attributes": [],
          "private": "eyJlMmJmYjczMC1lY2FhLTExZTYtOGY4OC0zNDM2M2JjN2M0YzAiOnsiY3JlYXRlIjoxODAwMDAwMDAwMDAwLCJkZWxldGUiOjE4MDAwMDAwMDAwMDAsInJlYWQiOjMwMDAwMDAwMDAwMCwidXBkYXRlIjoxODAwMDAwMDAwMDAwfX0=",
          "dependencies": [
            "data.azurerm_resource_group.resource-grp"
          ]
        }
      ]
    },
    {
      "module": "module.security_group",
      "mode": "managed",
      "type": "azurerm_subnet_network_security_group_association",
      "name": "sg_association",
      "provider": "provider[\"registry.terraform.io/hashicorp/azurerm\"]",
      "instances": [
        {
          "schema_version": 0,
          "attributes": {
            "id": "/subscriptions/2bfd66e2-d8f3-4fa4-b3d2-a0e7bc2d39a0/resourceGroups/DevOps-GL5/providers/Microsoft.Network/virtualNetworks/kubernetes-virtual-network/subnets/kubernetes-subnet",
            "network_security_group_id": "/subscriptions/2bfd66e2-d8f3-4fa4-b3d2-a0e7bc2d39a0/resourceGroups/DevOps-GL5/providers/Microsoft.Network/networkSecurityGroups/allow-ssh",
            "subnet_id": "/subscriptions/2bfd66e2-d8f3-4fa4-b3d2-a0e7bc2d39a0/resourceGroups/DevOps-GL5/providers/Microsoft.Network/virtualNetworks/kubernetes-virtual-network/subnets/kubernetes-subnet",
            "timeouts": null
          },
          "sensitive_attributes": [],
          "private": "eyJlMmJmYjczMC1lY2FhLTExZTYtOGY4OC0zNDM2M2JjN2M0YzAiOnsiY3JlYXRlIjoxODAwMDAwMDAwMDAwLCJkZWxldGUiOjE4MDAwMDAwMDAwMDAsInJlYWQiOjMwMDAwMDAwMDAwMCwidXBkYXRlIjoxODAwMDAwMDAwMDAwfX0=",
          "dependencies": [
            "data.azurerm_resource_group.resource-grp",
            "module.security_group.azurerm_network_security_group.security_group",
            "module.vnet_subnet.azurerm_subnet.subnet",
            "module.vnet_subnet.azurerm_virtual_network.virtual-network"
          ]
        }
      ]
    },
    {
      "module": "module.vnet_subnet",
      "mode": "managed",
      "type": "azurerm_subnet",
      "name": "subnet",
      "provider": "provider[\"registry.terraform.io/hashicorp/azurerm\"]",
      "instances": [
        {
          "schema_version": 0,
          "attributes": {
            "address_prefixes": [
              "10.0.2.0/24"
            ],
            "delegation": [],
            "enforce_private_link_endpoint_network_policies": false,
            "enforce_private_link_service_network_policies": false,
            "id": "/subscriptions/2bfd66e2-d8f3-4fa4-b3d2-a0e7bc2d39a0/resourceGroups/DevOps-GL5/providers/Microsoft.Network/virtualNetworks/kubernetes-virtual-network/subnets/kubernetes-subnet",
            "name": "kubernetes-subnet",
            "resource_group_name": "DevOps-GL5",
            "service_endpoint_policy_ids": [],
            "service_endpoints": [],
            "timeouts": null,
            "virtual_network_name": "kubernetes-virtual-network"
          },
          "sensitive_attributes": [],
          "private": "eyJlMmJmYjczMC1lY2FhLTExZTYtOGY4OC0zNDM2M2JjN2M0YzAiOnsiY3JlYXRlIjoxODAwMDAwMDAwMDAwLCJkZWxldGUiOjE4MDAwMDAwMDAwMDAsInJlYWQiOjMwMDAwMDAwMDAwMCwidXBkYXRlIjoxODAwMDAwMDAwMDAwfX0=",
          "dependencies": [
            "data.azurerm_resource_group.resource-grp",
            "module.vnet_subnet.azurerm_virtual_network.virtual-network"
          ]
        }
      ]
    },
    {
      "module": "module.vnet_subnet",
      "mode": "managed",
      "type": "azurerm_virtual_network",
      "name": "virtual-network",
      "provider": "provider[\"registry.terraform.io/hashicorp/azurerm\"]",
      "instances": [
        {
          "schema_version": 0,
          "attributes": {
            "address_space": [
              "10.0.0.0/16"
            ],
            "bgp_community": "",
            "ddos_protection_plan": [],
            "dns_servers": [],
            "edge_zone": "",
            "flow_timeout_in_minutes": 0,
            "guid": "8bd09b11-c943-45f2-98f5-b9bac9fb62eb",
            "id": "/subscriptions/2bfd66e2-d8f3-4fa4-b3d2-a0e7bc2d39a0/resourceGroups/DevOps-GL5/providers/Microsoft.Network/virtualNetworks/kubernetes-virtual-network",
            "location": "francecentral",
            "name": "kubernetes-virtual-network",
            "resource_group_name": "DevOps-GL5",
            "subnet": [
              {
                "address_prefix": "10.0.2.0/24",
                "id": "/subscriptions/2bfd66e2-d8f3-4fa4-b3d2-a0e7bc2d39a0/resourceGroups/DevOps-GL5/providers/Microsoft.Network/virtualNetworks/kubernetes-virtual-network/subnets/kubernetes-subnet",
                "name": "kubernetes-subnet",
                "security_group": "/subscriptions/2bfd66e2-d8f3-4fa4-b3d2-a0e7bc2d39a0/resourceGroups/DevOps-GL5/providers/Microsoft.Network/networkSecurityGroups/allow-ssh"
              }
            ],
            "tags": {},
            "timeouts": null
          },
          "sensitive_attributes": [],
          "private": "eyJlMmJmYjczMC1lY2FhLTExZTYtOGY4OC0zNDM2M2JjN2M0YzAiOnsiY3JlYXRlIjoxODAwMDAwMDAwMDAwLCJkZWxldGUiOjE4MDAwMDAwMDAwMDAsInJlYWQiOjMwMDAwMDAwMDAwMCwidXBkYXRlIjoxODAwMDAwMDAwMDAwfX0=",
          "dependencies": [
            "data.azurerm_resource_group.resource-grp"
          ]
        }
      ]
    },
    {
      "module": "module.workers",
      "mode": "managed",
      "type": "azurerm_linux_virtual_machine",
      "name": "workers",
      "provider": "provider[\"registry.terraform.io/hashicorp/azurerm\"]",
      "instances": [
        {
          "index_key": 0,
          "schema_version": 0,
          "attributes": {
            "additional_capabilities": [],
            "admin_password": null,
            "admin_ssh_key": [
              {
                "public_key": "ssh-rsa AAAAB3NzaC1yc2EAAAADAQABAAABgQC3y9c3XsN2EtMnSN0UcY06TzRCJfWP7tDv1VN+6fEjnIcIBDlWzaYp7W4ad3DZfNGZuhxwAt+8AcMqAl+zwF6g0p6bwYOQGWFE52cCzvAgJ2mRN0WJJNTUuQReOyfMQ44GD21Jb23KjDhTLZRxBBOHLyc4gsAR3nKzpMRtnM3/qbgwdU1F+ZUH4kJgmEeQSTWYa6h5DwzoiJy97IARwLqt5dMRxo7XlSD57JctpctBKP0XyKHC/q9lB5VsWisJdt9SOLyLZr0GA9z1qDLuGo8LRFR6pdDUrRtHJr0a+Os7vMVOAfQNOs3MGZcxB9zYqpyianGO2Pk89GZ8O1NAIspJes1+9LAkgIoXdx4vFD/T0KPO6lztdSCIWaRZVoHEW+tE+gW4oIihFvjoCH2G9jRQAYFcCfS8CDUHZM/kCpa8EXfRxNFZXhiGNL9tiAg2XDdR7LyAQ4hJECKg94oDbV+VQswtemyS7bFV0VR+2d7u3aludefikgNmI+WcG3ORiFE= generated-by-azure",
                "username": "adminuser"
              }
            ],
            "admin_username": "adminuser",
            "allow_extension_operations": true,
            "availability_set_id": "",
            "boot_diagnostics": [],
            "computer_name": "worker-0",
            "custom_data": null,
            "dedicated_host_group_id": "",
            "dedicated_host_id": "",
            "disable_password_authentication": true,
            "edge_zone": "",
            "encryption_at_host_enabled": false,
            "eviction_policy": "",
            "extensions_time_budget": "PT1H30M",
            "id": "/subscriptions/2bfd66e2-d8f3-4fa4-b3d2-a0e7bc2d39a0/resourceGroups/DevOps-GL5/providers/Microsoft.Compute/virtualMachines/worker-0",
            "identity": [],
            "license_type": "",
            "location": "francecentral",
            "max_bid_price": -1,
            "name": "worker-0",
            "network_interface_ids": [
              "/subscriptions/2bfd66e2-d8f3-4fa4-b3d2-a0e7bc2d39a0/resourceGroups/DevOps-GL5/providers/Microsoft.Network/networkInterfaces/worker-0-nic"
            ],
            "os_disk": [
              {
                "caching": "ReadWrite",
                "diff_disk_settings": [],
                "disk_encryption_set_id": "",
                "disk_size_gb": 30,
                "name": "worker-0_OsDisk_1_a376fe57b64240298aa795e2d84fdf90",
                "storage_account_type": "Standard_LRS",
                "write_accelerator_enabled": false
              }
            ],
            "patch_mode": "ImageDefault",
            "plan": [],
            "platform_fault_domain": -1,
            "priority": "Regular",
            "private_ip_address": "10.0.2.5",
            "private_ip_addresses": [
              "10.0.2.5"
            ],
            "provision_vm_agent": true,
            "proximity_placement_group_id": "",
            "public_ip_address": "20.188.58.77",
            "public_ip_addresses": [
              "20.188.58.77"
            ],
            "resource_group_name": "DevOps-GL5",
            "secret": [],
            "secure_boot_enabled": false,
            "size": "Standard_B1s",
            "source_image_id": "",
            "source_image_reference": [
              {
                "offer": "UbuntuServer",
                "publisher": "Canonical",
                "sku": "16.04-LTS",
                "version": "latest"
              }
            ],
            "tags": {},
            "termination_notification": [],
            "timeouts": null,
            "user_data": "",
            "virtual_machine_id": "45845b09-8329-4f61-840c-21d72595df2e",
            "virtual_machine_scale_set_id": "",
            "vtpm_enabled": false,
            "zone": ""
          },
          "sensitive_attributes": [],
          "private": "eyJlMmJmYjczMC1lY2FhLTExZTYtOGY4OC0zNDM2M2JjN2M0YzAiOnsiY3JlYXRlIjoyNzAwMDAwMDAwMDAwLCJkZWxldGUiOjI3MDAwMDAwMDAwMDAsInJlYWQiOjMwMDAwMDAwMDAwMCwidXBkYXRlIjoyNzAwMDAwMDAwMDAwfX0=",
          "dependencies": [
            "data.azurerm_resource_group.resource-grp",
            "module.vnet_subnet.azurerm_subnet.subnet",
            "module.vnet_subnet.azurerm_virtual_network.virtual-network",
            "module.workers.azurerm_network_interface.worker-nics",
            "module.workers.azurerm_public_ip.workers-public-ips"
          ]
        },
        {
          "index_key": 1,
          "schema_version": 0,
          "attributes": {
            "additional_capabilities": [],
            "admin_password": null,
            "admin_ssh_key": [
              {
                "public_key": "ssh-rsa AAAAB3NzaC1yc2EAAAADAQABAAABgQC3y9c3XsN2EtMnSN0UcY06TzRCJfWP7tDv1VN+6fEjnIcIBDlWzaYp7W4ad3DZfNGZuhxwAt+8AcMqAl+zwF6g0p6bwYOQGWFE52cCzvAgJ2mRN0WJJNTUuQReOyfMQ44GD21Jb23KjDhTLZRxBBOHLyc4gsAR3nKzpMRtnM3/qbgwdU1F+ZUH4kJgmEeQSTWYa6h5DwzoiJy97IARwLqt5dMRxo7XlSD57JctpctBKP0XyKHC/q9lB5VsWisJdt9SOLyLZr0GA9z1qDLuGo8LRFR6pdDUrRtHJr0a+Os7vMVOAfQNOs3MGZcxB9zYqpyianGO2Pk89GZ8O1NAIspJes1+9LAkgIoXdx4vFD/T0KPO6lztdSCIWaRZVoHEW+tE+gW4oIihFvjoCH2G9jRQAYFcCfS8CDUHZM/kCpa8EXfRxNFZXhiGNL9tiAg2XDdR7LyAQ4hJECKg94oDbV+VQswtemyS7bFV0VR+2d7u3aludefikgNmI+WcG3ORiFE= generated-by-azure",
                "username": "adminuser"
              }
            ],
            "admin_username": "adminuser",
            "allow_extension_operations": true,
            "availability_set_id": "",
            "boot_diagnostics": [],
            "computer_name": "worker-1",
            "custom_data": null,
            "dedicated_host_group_id": "",
            "dedicated_host_id": "",
            "disable_password_authentication": true,
            "edge_zone": "",
            "encryption_at_host_enabled": false,
            "eviction_policy": "",
            "extensions_time_budget": "PT1H30M",
            "id": "/subscriptions/2bfd66e2-d8f3-4fa4-b3d2-a0e7bc2d39a0/resourceGroups/DevOps-GL5/providers/Microsoft.Compute/virtualMachines/worker-1",
            "identity": [],
            "license_type": "",
            "location": "francecentral",
            "max_bid_price": -1,
            "name": "worker-1",
            "network_interface_ids": [
              "/subscriptions/2bfd66e2-d8f3-4fa4-b3d2-a0e7bc2d39a0/resourceGroups/DevOps-GL5/providers/Microsoft.Network/networkInterfaces/worker-1-nic"
            ],
            "os_disk": [
              {
                "caching": "ReadWrite",
                "diff_disk_settings": [],
                "disk_encryption_set_id": "",
                "disk_size_gb": 30,
                "name": "worker-1_OsDisk_1_ee861c7a7c6e42e985060c5e6d665ec7",
                "storage_account_type": "Standard_LRS",
                "write_accelerator_enabled": false
              }
            ],
            "patch_mode": "ImageDefault",
            "plan": [],
            "platform_fault_domain": -1,
            "priority": "Regular",
            "private_ip_address": "10.0.2.4",
            "private_ip_addresses": [
              "10.0.2.4"
            ],
            "provision_vm_agent": true,
            "proximity_placement_group_id": "",
            "public_ip_address": "20.188.58.202",
            "public_ip_addresses": [
              "20.188.58.202"
            ],
            "resource_group_name": "DevOps-GL5",
            "secret": [],
            "secure_boot_enabled": false,
            "size": "Standard_B1s",
            "source_image_id": "",
            "source_image_reference": [
              {
                "offer": "UbuntuServer",
                "publisher": "Canonical",
                "sku": "16.04-LTS",
                "version": "latest"
              }
            ],
            "tags": {},
            "termination_notification": [],
            "timeouts": null,
            "user_data": "",
            "virtual_machine_id": "cd344a11-a39e-4fbc-a086-053a0423f44d",
            "virtual_machine_scale_set_id": "",
            "vtpm_enabled": false,
            "zone": ""
          },
          "sensitive_attributes": [],
          "private": "eyJlMmJmYjczMC1lY2FhLTExZTYtOGY4OC0zNDM2M2JjN2M0YzAiOnsiY3JlYXRlIjoyNzAwMDAwMDAwMDAwLCJkZWxldGUiOjI3MDAwMDAwMDAwMDAsInJlYWQiOjMwMDAwMDAwMDAwMCwidXBkYXRlIjoyNzAwMDAwMDAwMDAwfX0=",
          "dependencies": [
            "data.azurerm_resource_group.resource-grp",
            "module.vnet_subnet.azurerm_subnet.subnet",
            "module.vnet_subnet.azurerm_virtual_network.virtual-network",
            "module.workers.azurerm_network_interface.worker-nics",
            "module.workers.azurerm_public_ip.workers-public-ips"
          ]
        }
      ]
    },
    {
      "module": "module.workers",
      "mode": "managed",
      "type": "azurerm_network_interface",
      "name": "worker-nics",
      "provider": "provider[\"registry.terraform.io/hashicorp/azurerm\"]",
      "instances": [
        {
          "index_key": 0,
          "schema_version": 0,
          "attributes": {
            "applied_dns_servers": [],
            "dns_servers": [],
            "edge_zone": "",
            "enable_accelerated_networking": false,
            "enable_ip_forwarding": false,
            "id": "/subscriptions/2bfd66e2-d8f3-4fa4-b3d2-a0e7bc2d39a0/resourceGroups/DevOps-GL5/providers/Microsoft.Network/networkInterfaces/worker-0-nic",
            "internal_dns_name_label": "",
            "internal_domain_name_suffix": "cgn3bc0dzhzelghvxg3mt41c3d.parx.internal.cloudapp.net",
            "ip_configuration": [
              {
                "gateway_load_balancer_frontend_ip_configuration_id": "",
                "name": "internal",
                "primary": true,
                "private_ip_address": "10.0.2.5",
                "private_ip_address_allocation": "Dynamic",
                "private_ip_address_version": "IPv4",
                "public_ip_address_id": "/subscriptions/2bfd66e2-d8f3-4fa4-b3d2-a0e7bc2d39a0/resourceGroups/DevOps-GL5/providers/Microsoft.Network/publicIPAddresses/worker-0",
                "subnet_id": "/subscriptions/2bfd66e2-d8f3-4fa4-b3d2-a0e7bc2d39a0/resourceGroups/DevOps-GL5/providers/Microsoft.Network/virtualNetworks/kubernetes-virtual-network/subnets/kubernetes-subnet"
              }
            ],
            "location": "francecentral",
            "mac_address": "60-45-BD-6C-C0-58",
            "name": "worker-0-nic",
            "private_ip_address": "10.0.2.5",
            "private_ip_addresses": [
              "10.0.2.5"
            ],
            "resource_group_name": "DevOps-GL5",
            "tags": {},
            "timeouts": null,
            "virtual_machine_id": "/subscriptions/2bfd66e2-d8f3-4fa4-b3d2-a0e7bc2d39a0/resourceGroups/DevOps-GL5/providers/Microsoft.Compute/virtualMachines/worker-0"
          },
          "sensitive_attributes": [],
          "private": "eyJlMmJmYjczMC1lY2FhLTExZTYtOGY4OC0zNDM2M2JjN2M0YzAiOnsiY3JlYXRlIjoxODAwMDAwMDAwMDAwLCJkZWxldGUiOjE4MDAwMDAwMDAwMDAsInJlYWQiOjMwMDAwMDAwMDAwMCwidXBkYXRlIjoxODAwMDAwMDAwMDAwfX0=",
          "dependencies": [
            "data.azurerm_resource_group.resource-grp",
            "module.vnet_subnet.azurerm_subnet.subnet",
            "module.vnet_subnet.azurerm_virtual_network.virtual-network",
            "module.workers.azurerm_public_ip.workers-public-ips"
          ]
        },
        {
          "index_key": 1,
          "schema_version": 0,
          "attributes": {
            "applied_dns_servers": [],
            "dns_servers": [],
            "edge_zone": "",
            "enable_accelerated_networking": false,
            "enable_ip_forwarding": false,
            "id": "/subscriptions/2bfd66e2-d8f3-4fa4-b3d2-a0e7bc2d39a0/resourceGroups/DevOps-GL5/providers/Microsoft.Network/networkInterfaces/worker-1-nic",
            "internal_dns_name_label": "",
            "internal_domain_name_suffix": "cgn3bc0dzhzelghvxg3mt41c3d.parx.internal.cloudapp.net",
            "ip_configuration": [
              {
                "gateway_load_balancer_frontend_ip_configuration_id": "",
                "name": "internal",
                "primary": true,
                "private_ip_address": "10.0.2.4",
                "private_ip_address_allocation": "Dynamic",
                "private_ip_address_version": "IPv4",
                "public_ip_address_id": "/subscriptions/2bfd66e2-d8f3-4fa4-b3d2-a0e7bc2d39a0/resourceGroups/DevOps-GL5/providers/Microsoft.Network/publicIPAddresses/worker-1",
                "subnet_id": "/subscriptions/2bfd66e2-d8f3-4fa4-b3d2-a0e7bc2d39a0/resourceGroups/DevOps-GL5/providers/Microsoft.Network/virtualNetworks/kubernetes-virtual-network/subnets/kubernetes-subnet"
              }
            ],
            "location": "francecentral",
            "mac_address": "60-45-BD-6C-C0-44",
            "name": "worker-1-nic",
            "private_ip_address": "10.0.2.4",
            "private_ip_addresses": [
              "10.0.2.4"
            ],
            "resource_group_name": "DevOps-GL5",
            "tags": {},
            "timeouts": null,
            "virtual_machine_id": "/subscriptions/2bfd66e2-d8f3-4fa4-b3d2-a0e7bc2d39a0/resourceGroups/DevOps-GL5/providers/Microsoft.Compute/virtualMachines/worker-1"
          },
          "sensitive_attributes": [],
          "private": "eyJlMmJmYjczMC1lY2FhLTExZTYtOGY4OC0zNDM2M2JjN2M0YzAiOnsiY3JlYXRlIjoxODAwMDAwMDAwMDAwLCJkZWxldGUiOjE4MDAwMDAwMDAwMDAsInJlYWQiOjMwMDAwMDAwMDAwMCwidXBkYXRlIjoxODAwMDAwMDAwMDAwfX0=",
          "dependencies": [
            "data.azurerm_resource_group.resource-grp",
            "module.vnet_subnet.azurerm_subnet.subnet",
            "module.vnet_subnet.azurerm_virtual_network.virtual-network",
            "module.workers.azurerm_public_ip.workers-public-ips"
          ]
        }
      ]
    },
    {
      "module": "module.workers",
      "mode": "managed",
      "type": "azurerm_public_ip",
      "name": "workers-public-ips",
      "provider": "provider[\"registry.terraform.io/hashicorp/azurerm\"]",
      "instances": [
        {
          "index_key": 0,
          "schema_version": 0,
          "attributes": {
            "allocation_method": "Dynamic",
            "domain_name_label": null,
            "edge_zone": "",
            "fqdn": null,
            "id": "/subscriptions/2bfd66e2-d8f3-4fa4-b3d2-a0e7bc2d39a0/resourceGroups/DevOps-GL5/providers/Microsoft.Network/publicIPAddresses/worker-0",
            "idle_timeout_in_minutes": 4,
            "ip_address": "20.188.58.77",
            "ip_tags": {},
            "ip_version": "IPv4",
            "location": "francecentral",
            "name": "worker-0",
            "public_ip_prefix_id": null,
            "resource_group_name": "DevOps-GL5",
            "reverse_fqdn": null,
            "sku": "Basic",
            "sku_tier": "Regional",
            "tags": {},
            "timeouts": null,
            "zones": []
          },
          "sensitive_attributes": [],
          "private": "eyJlMmJmYjczMC1lY2FhLTExZTYtOGY4OC0zNDM2M2JjN2M0YzAiOnsiY3JlYXRlIjoxODAwMDAwMDAwMDAwLCJkZWxldGUiOjE4MDAwMDAwMDAwMDAsInJlYWQiOjMwMDAwMDAwMDAwMCwidXBkYXRlIjoxODAwMDAwMDAwMDAwfX0=",
          "dependencies": [
            "data.azurerm_resource_group.resource-grp"
          ]
        },
        {
          "index_key": 1,
          "schema_version": 0,
          "attributes": {
            "allocation_method": "Dynamic",
            "domain_name_label": null,
            "edge_zone": "",
            "fqdn": null,
            "id": "/subscriptions/2bfd66e2-d8f3-4fa4-b3d2-a0e7bc2d39a0/resourceGroups/DevOps-GL5/providers/Microsoft.Network/publicIPAddresses/worker-1",
            "idle_timeout_in_minutes": 4,
            "ip_address": "20.188.58.202",
            "ip_tags": {},
            "ip_version": "IPv4",
            "location": "francecentral",
            "name": "worker-1",
            "public_ip_prefix_id": null,
            "resource_group_name": "DevOps-GL5",
            "reverse_fqdn": null,
            "sku": "Basic",
            "sku_tier": "Regional",
            "tags": {},
            "timeouts": null,
            "zones": []
          },
          "sensitive_attributes": [],
          "private": "eyJlMmJmYjczMC1lY2FhLTExZTYtOGY4OC0zNDM2M2JjN2M0YzAiOnsiY3JlYXRlIjoxODAwMDAwMDAwMDAwLCJkZWxldGUiOjE4MDAwMDAwMDAwMDAsInJlYWQiOjMwMDAwMDAwMDAwMCwidXBkYXRlIjoxODAwMDAwMDAwMDAwfX0=",
          "dependencies": [
            "data.azurerm_resource_group.resource-grp"
          ]
        }
      ]
    }
  ]
}
